
Microsoft Visual Studio Solution File, Format Version 12.00
# Visual Studio Version 17
VisualStudioVersion = 17.4.33213.308
MinimumVisualStudioVersion = 10.0.40219.1
Project("{9A19103F-16F7-4668-BE54-9A1E7A4F7556}") = "DataBindingAndRoute", "DataBindingAndRoute\DataBindingAndRoute.csproj", "{11028160-5383-4EC8-8314-2D27B311F960}"
EndProject
Global
	GlobalSection(SolutionConfigurationPlatforms) = preSolution
		Debug|Any CPU = Debug|Any CPU
		Release|Any CPU = Release|Any CPU
	EndGlobalSection
	GlobalSection(ProjectConfigurationPlatforms) = postSolution
		{11028160-5383-4EC8-8314-2D27B311F960}.Debug|Any CPU.ActiveCfg = Debug|Any CPU
		{11028160-5383-4EC8-8314-2D27B311F960}.Debug|Any CPU.Build.0 = Debug|Any CPU
		{11028160-5383-4EC8-8314-2D27B311F960}.Release|Any CPU.ActiveCfg = Release|Any CPU
		{11028160-5383-4EC8-8314-2D27B311F960}.Release|Any CPU.Build.0 = Release|Any CPU
	EndGlobalSection
	GlobalSection(SolutionProperties) = preSolution
		HideSolutionNode = FALSE
	EndGlobalSection
	GlobalSection(ExtensibilityGlobals) = postSolution
		SolutionGuid = {5CD688E8-D25D-466E-9A20-9893BC804FB5}
	EndGlobalSection
EndGlobal
